
Microsoft Visual Studio Solution File, Format Version 12.00
# Visual Studio Version 16
VisualStudioVersion = 16.0.29519.181
MinimumVisualStudioVersion = 10.0.40219.1
Project("{FAE04EC0-301F-11D3-BF4B-00C04F79EFBC}") = "Altairis.Tmd.Compiler", "Altairis.Tmd.Compiler\Altairis.Tmd.Compiler.csproj", "{36C56CEF-55DD-48F1-A906-D076DCB9F333}"
EndProject
Project("{9A19103F-16F7-4668-BE54-9A1E7A4F7556}") = "Altairis.Tmd.Core", "Altairis.Tmd.Core\Altairis.Tmd.Core.csproj", "{4E6FF598-7A24-43EE-92F2-0161E59A89E8}"
EndProject
Project("{2150E333-8FDC-42A3-9474-1A3956D46DE8}") = "Solution Items", "Solution Items", "{C5E30108-DC99-4C02-AAE8-B81D7F526D7A}"
	ProjectSection(SolutionItems) = preProject
		.editorconfig = .editorconfig
		.gitignore = .gitignore
		CODE_OF_CONDUCT.md = CODE_OF_CONDUCT.md
		LICENSE = LICENSE
		README.md = README.md
		sample.md = sample.md
	EndProjectSection
EndProject
Global
	GlobalSection(SolutionConfigurationPlatforms) = preSolution
		Debug|Any CPU = Debug|Any CPU
		Release|Any CPU = Release|Any CPU
	EndGlobalSection
	GlobalSection(ProjectConfigurationPlatforms) = postSolution
		{36C56CEF-55DD-48F1-A906-D076DCB9F333}.Debug|Any CPU.ActiveCfg = Debug|Any CPU
		{36C56CEF-55DD-48F1-A906-D076DCB9F333}.Debug|Any CPU.Build.0 = Debug|Any CPU
		{36C56CEF-55DD-48F1-A906-D076DCB9F333}.Release|Any CPU.ActiveCfg = Release|Any CPU
		{36C56CEF-55DD-48F1-A906-D076DCB9F333}.Release|Any CPU.Build.0 = Release|Any CPU
		{4E6FF598-7A24-43EE-92F2-0161E59A89E8}.Debug|Any CPU.ActiveCfg = Debug|Any CPU
		{4E6FF598-7A24-43EE-92F2-0161E59A89E8}.Debug|Any CPU.Build.0 = Debug|Any CPU
		{4E6FF598-7A24-43EE-92F2-0161E59A89E8}.Release|Any CPU.ActiveCfg = Release|Any CPU
		{4E6FF598-7A24-43EE-92F2-0161E59A89E8}.Release|Any CPU.Build.0 = Release|Any CPU
	EndGlobalSection
	GlobalSection(SolutionProperties) = preSolution
		HideSolutionNode = FALSE
	EndGlobalSection
	GlobalSection(ExtensibilityGlobals) = postSolution
		SolutionGuid = {9181A7A9-9FCE-48B1-8EE4-E5D16F5359E4}
	EndGlobalSection
EndGlobal
